
Microsoft Visual Studio Solution File, Format Version 12.00
# Visual Studio 14
VisualStudioVersion = 14.0.25420.1
MinimumVisualStudioVersion = 10.0.40219.1
Project("{FAE04EC0-301F-11D3-BF4B-00C04F79EFBC}") = "EX__05", "..\EX__05\EX__05.csproj", "{D94B82D7-B2F2-42CF-93C8-3489C8B115A0}"
EndProject
Project("{FAE04EC0-301F-11D3-BF4B-00C04F79EFBC}") = "ex.05(saori)", "..\ex.05(saori)\ex.05(saori).csproj", "{1171AD3E-FB97-42B0-BC74-B9A40744FEB3}"
EndProject
Global
	GlobalSection(SolutionConfigurationPlatforms) = preSolution
		Debug|Any CPU = Debug|Any CPU
		Release|Any CPU = Release|Any CPU
	EndGlobalSection
	GlobalSection(ProjectConfigurationPlatforms) = postSolution
		{D94B82D7-B2F2-42CF-93C8-3489C8B115A0}.Debug|Any CPU.ActiveCfg = Debug|Any CPU
		{D94B82D7-B2F2-42CF-93C8-3489C8B115A0}.Debug|Any CPU.Build.0 = Debug|Any CPU
		{D94B82D7-B2F2-42CF-93C8-3489C8B115A0}.Release|Any CPU.ActiveCfg = Release|Any CPU
		{D94B82D7-B2F2-42CF-93C8-3489C8B115A0}.Release|Any CPU.Build.0 = Release|Any CPU
		{1171AD3E-FB97-42B0-BC74-B9A40744FEB3}.Debug|Any CPU.ActiveCfg = Debug|Any CPU
		{1171AD3E-FB97-42B0-BC74-B9A40744FEB3}.Debug|Any CPU.Build.0 = Debug|Any CPU
		{1171AD3E-FB97-42B0-BC74-B9A40744FEB3}.Release|Any CPU.ActiveCfg = Release|Any CPU
		{1171AD3E-FB97-42B0-BC74-B9A40744FEB3}.Release|Any CPU.Build.0 = Release|Any CPU
	EndGlobalSection
	GlobalSection(SolutionProperties) = preSolution
		HideSolutionNode = FALSE
	EndGlobalSection
EndGlobal
