
Microsoft Visual Studio Solution File, Format Version 12.00
# Visual Studio 14
VisualStudioVersion = 14.0.25420.1
MinimumVisualStudioVersion = 10.0.40219.1
Project("{FAE04EC0-301F-11D3-BF4B-00C04F79EFBC}") = "Titanicp.40(Assy)", "Titanicp.40(Assy).csproj", "{036BED17-EE24-4E59-BC7F-70A92EE75547}"
EndProject
Global
	GlobalSection(SolutionConfigurationPlatforms) = preSolution
		Debug|Any CPU = Debug|Any CPU
		Release|Any CPU = Release|Any CPU
	EndGlobalSection
	GlobalSection(ProjectConfigurationPlatforms) = postSolution
		{036BED17-EE24-4E59-BC7F-70A92EE75547}.Debug|Any CPU.ActiveCfg = Debug|Any CPU
		{036BED17-EE24-4E59-BC7F-70A92EE75547}.Debug|Any CPU.Build.0 = Debug|Any CPU
		{036BED17-EE24-4E59-BC7F-70A92EE75547}.Release|Any CPU.ActiveCfg = Release|Any CPU
		{036BED17-EE24-4E59-BC7F-70A92EE75547}.Release|Any CPU.Build.0 = Release|Any CPU
	EndGlobalSection
	GlobalSection(SolutionProperties) = preSolution
		HideSolutionNode = FALSE
	EndGlobalSection
EndGlobal
