
Microsoft Visual Studio Solution File, Format Version 12.00
# Visual Studio 14
VisualStudioVersion = 14.0.25420.1
MinimumVisualStudioVersion = 10.0.40219.1
Project("{FAE04EC0-301F-11D3-BF4B-00C04F79EFBC}") = "recall", "recall.csproj", "{50DA704B-E4F9-4790-A2CA-0625743ED0F1}"
EndProject
Project("{FAE04EC0-301F-11D3-BF4B-00C04F79EFBC}") = "RecurrencecMethod_excell", "..\..\RecurrencecMethod_excell\RecurrencecMethod_excell.csproj", "{59B5B6C6-809D-45A8-BE9E-57ECCC9CD637}"
EndProject
Global
	GlobalSection(SolutionConfigurationPlatforms) = preSolution
		Debug|Any CPU = Debug|Any CPU
		Release|Any CPU = Release|Any CPU
	EndGlobalSection
	GlobalSection(ProjectConfigurationPlatforms) = postSolution
		{50DA704B-E4F9-4790-A2CA-0625743ED0F1}.Debug|Any CPU.ActiveCfg = Debug|Any CPU
		{50DA704B-E4F9-4790-A2CA-0625743ED0F1}.Debug|Any CPU.Build.0 = Debug|Any CPU
		{50DA704B-E4F9-4790-A2CA-0625743ED0F1}.Release|Any CPU.ActiveCfg = Release|Any CPU
		{50DA704B-E4F9-4790-A2CA-0625743ED0F1}.Release|Any CPU.Build.0 = Release|Any CPU
		{59B5B6C6-809D-45A8-BE9E-57ECCC9CD637}.Debug|Any CPU.ActiveCfg = Debug|Any CPU
		{59B5B6C6-809D-45A8-BE9E-57ECCC9CD637}.Debug|Any CPU.Build.0 = Debug|Any CPU
		{59B5B6C6-809D-45A8-BE9E-57ECCC9CD637}.Release|Any CPU.ActiveCfg = Release|Any CPU
		{59B5B6C6-809D-45A8-BE9E-57ECCC9CD637}.Release|Any CPU.Build.0 = Release|Any CPU
	EndGlobalSection
	GlobalSection(SolutionProperties) = preSolution
		HideSolutionNode = FALSE
	EndGlobalSection
EndGlobal
